
Microsoft Visual Studio Solution File, Format Version 12.00
# Visual Studio Version 17
VisualStudioVersion = 17.9.34607.119
MinimumVisualStudioVersion = 10.0.40219.1
Project("{FAE04EC0-301F-11D3-BF4B-00C04F79EFBC}") = "WinFormsAvaloniaHost", "WinFormsAvaloniaHost\WinFormsAvaloniaHost.csproj", "{67D1811E-74E5-4BA0-A09E-204AFC86A668}"
EndProject
Project("{FAE04EC0-301F-11D3-BF4B-00C04F79EFBC}") = "AvaloniaApp", "AvaloniaApp\AvaloniaApp.csproj", "{B33D6ECE-7E4A-4874-9CCA-C4A8FA882531}"
EndProject
Global
	GlobalSection(SolutionConfigurationPlatforms) = preSolution
		Debug|Any CPU = Debug|Any CPU
		Release|Any CPU = Release|Any CPU
	EndGlobalSection
	GlobalSection(ProjectConfigurationPlatforms) = postSolution
		{67D1811E-74E5-4BA0-A09E-204AFC86A668}.Debug|Any CPU.ActiveCfg = Debug|Any CPU
		{67D1811E-74E5-4BA0-A09E-204AFC86A668}.Debug|Any CPU.Build.0 = Debug|Any CPU
		{67D1811E-74E5-4BA0-A09E-204AFC86A668}.Release|Any CPU.ActiveCfg = Release|Any CPU
		{67D1811E-74E5-4BA0-A09E-204AFC86A668}.Release|Any CPU.Build.0 = Release|Any CPU
		{B33D6ECE-7E4A-4874-9CCA-C4A8FA882531}.Debug|Any CPU.ActiveCfg = Debug|Any CPU
		{B33D6ECE-7E4A-4874-9CCA-C4A8FA882531}.Debug|Any CPU.Build.0 = Debug|Any CPU
		{B33D6ECE-7E4A-4874-9CCA-C4A8FA882531}.Release|Any CPU.ActiveCfg = Release|Any CPU
		{B33D6ECE-7E4A-4874-9CCA-C4A8FA882531}.Release|Any CPU.Build.0 = Release|Any CPU
	EndGlobalSection
	GlobalSection(SolutionProperties) = preSolution
		HideSolutionNode = FALSE
	EndGlobalSection
	GlobalSection(ExtensibilityGlobals) = postSolution
		SolutionGuid = {797C024B-E27F-402F-BAF1-0E3492B222CB}
	EndGlobalSection
EndGlobal
